<Solution>
  <Folder Name="/SqlCodes/">
    <File Path="../MyFitnessCoach_Db/MyFitnessCoachDb_03161614.sql" />
    <File Path="SqlCodes/MyFitnessCoachDb.sql" />
    <File Path="SqlCodes/MyFitnessCoachDb_03171318.sql" />
    <File Path="SqlCodes/MyFitnessCoachDb_03171829.sql" />
  </Folder>
</Solution>
